// !$*UTF8*$!
{
	archiveVersion = 1;
	classes = {
	};
	objectVersion = 56;
	objects = {

/* Begin PBXBuildFile section */
		D52293A9292ABEFD00240159 /* AppDelegate.swift in Sources */ = {isa = PBXBuildFile; fileRef = D52293A8292ABEFD00240159 /* AppDelegate.swift */; };
		D52293AB292ABEFD00240159 /* SceneDelegate.swift in Sources */ = {isa = PBXBuildFile; fileRef = D52293AA292ABEFD00240159 /* SceneDelegate.swift */; };
		D52293AD292ABEFD00240159 /* ViewController.swift in Sources */ = {isa = PBXBuildFile; fileRef = D52293AC292ABEFD00240159 /* ViewController.swift */; };
		D52293B0292ABEFD00240159 /* Main.storyboard in Resources */ = {isa = PBXBuildFile; fileRef = D52293AE292ABEFD00240159 /* Main.storyboard */; };
		D52293B2292ABEFE00240159 /* Assets.xcassets in Resources */ = {isa = PBXBuildFile; fileRef = D52293B1292ABEFE00240159 /* Assets.xcassets */; };
		D52293B5292ABEFE00240159 /* LaunchScreen.storyboard in Resources */ = {isa = PBXBuildFile; fileRef = D52293B3292ABEFE00240159 /* LaunchScreen.storyboard */; };
		D52293C0292ABEFE00240159 /* gameTests.swift in Sources */ = {isa = PBXBuildFile; fileRef = D52293BF292ABEFE00240159 /* gameTests.swift */; };
		D52293CA292ABEFE00240159 /* gameUITests.swift in Sources */ = {isa = PBXBuildFile; fileRef = D52293C9292ABEFE00240159 /* gameUITests.swift */; };
		D52293CC292ABEFE00240159 /* gameUITestsLaunchTests.swift in Sources */ = {isa = PBXBuildFile; fileRef = D52293CB292ABEFE00240159 /* gameUITestsLaunchTests.swift */; };
/* End PBXBuildFile section */

/* Begin PBXContainerItemProxy section */
		D52293BC292ABEFE00240159 /* PBXContainerItemProxy */ = {
			isa = PBXContainerItemProxy;
			containerPortal = D522939D292ABEFD00240159 /* Project object */;
			proxyType = 1;
			remoteGlobalIDString = D52293A4292ABEFD00240159;
			remoteInfo = game;
		};
		D52293C6292ABEFE00240159 /* PBXContainerItemProxy */ = {
			isa = PBXContainerItemProxy;
			containerPortal = D522939D292ABEFD00240159 /* Project object */;
			proxyType = 1;
			remoteGlobalIDString = D52293A4292ABEFD00240159;
			remoteInfo = game;
		};
/* End PBXContainerItemProxy section */

/* Begin PBXFileReference section */
		D52293A5292ABEFD00240159 /* game.app */ = {isa = PBXFileReference; explicitFileType = wrapper.application; includeInIndex = 0; path = game.app; sourceTree = BUILT_PRODUCTS_DIR; };
		D52293A8292ABEFD00240159 /* AppDelegate.swift */ = {isa = PBXFileReference; lastKnownFileType = sourcecode.swift; path = AppDelegate.swift; sourceTree = "<group>"; };
		D52293AA292ABEFD00240159 /* SceneDelegate.swift */ = {isa = PBXFileReference; lastKnownFileType = sourcecode.swift; path = SceneDelegate.swift; sourceTree = "<group>"; };
		D52293AC292ABEFD00240159 /* ViewController.swift */ = {isa = PBXFileReference; lastKnownFileType = sourcecode.swift; path = ViewController.swift; sourceTree = "<group>"; };
		D52293AF292ABEFD00240159 /* Base */ = {isa = PBXFileReference; lastKnownFileType = file.storyboard; name = Base; path = Base.lproj/Main.storyboard; sourceTree = "<group>"; };
		D52293B1292ABEFE00240159 /* Assets.xcassets */ = {isa = PBXFileReference; lastKnownFileType = folder.assetcatalog; path = Assets.xcassets; sourceTree = "<group>"; };
		D52293B4292ABEFE00240159 /* Base */ = {isa = PBXFileReference; lastKnownFileType = file.storyboard; name = Base; path = Base.lproj/LaunchScreen.storyboard; sourceTree = "<group>"; };
		D52293B6292ABEFE00240159 /* Info.plist */ = {isa = PBXFileReference; lastKnownFileType = text.plist.xml; path = Info.plist; sourceTree = "<group>"; };
		D52293BB292ABEFE00240159 /* gameTests.xctest */ = {isa = PBXFileReference; explicitFileType = wrapper.cfbundle; includeInIndex = 0; path = gameTests.xctest; sourceTree = BUILT_PRODUCTS_DIR; };
		D52293BF292ABEFE00240159 /* gameTests.swift */ = {isa = PBXFileReference; lastKnownFileType = sourcecode.swift; path = gameTests.swift; sourceTree = "<group>"; };
		D52293C5292ABEFE00240159 /* gameUITests.xctest */ = {isa = PBXFileReference; explicitFileType = wrapper.cfbundle; includeInIndex = 0; path = gameUITests.xctest; sourceTree = BUILT_PRODUCTS_DIR; };
		D52293C9292ABEFE00240159 /* gameUITests.swift */ = {isa = PBXFileReference; lastKnownFileType = sourcecode.swift; path = gameUITests.swift; sourceTree = "<group>"; };
		D52293CB292ABEFE00240159 /* gameUITestsLaunchTests.swift */ = {isa = PBXFileReference; lastKnownFileType = sourcecode.swift; path = gameUITestsLaunchTests.swift; sourceTree = "<group>"; };
/* End PBXFileReference section */

/* Begin PBXFrameworksBuildPhase section */
		D52293A2292ABEFD00240159 /* Frameworks */ = {
			isa = PBXFrameworksBuildPhase;
			buildActionMask = 2147483647;
			files = (
			);
			runOnlyForDeploymentPostprocessing = 0;
		};
		D52293B8292ABEFE00240159 /* Frameworks */ = {
			isa = PBXFrameworksBuildPhase;
			buildActionMask = 2147483647;
			files = (
			);
			runOnlyForDeploymentPostprocessing = 0;
		};
		D52293C2292ABEFE00240159 /* Frameworks */ = {
			isa = PBXFrameworksBuildPhase;
			buildActionMask = 2147483647;
			files = (
			);
			runOnlyForDeploymentPostprocessing = 0;
		};
/* End PBXFrameworksBuildPhase section */

/* Begin PBXGroup section */
		D522939C292ABEFD00240159 = {
			isa = PBXGroup;
			children = (
				D52293A7292ABEFD00240159 /* game */,
				D52293BE292ABEFE00240159 /* gameTests */,
				D52293C8292ABEFE00240159 /* gameUITests */,
				D52293A6292ABEFD00240159 /* Products */,
			);
			sourceTree = "<group>";
		};
		D52293A6292ABEFD00240159 /* Products */ = {
			isa = PBXGroup;
			children = (
				D52293A5292ABEFD00240159 /* game.app */,
				D52293BB292ABEFE00240159 /* gameTests.xctest */,
				D52293C5292ABEFE00240159 /* gameUITests.xctest */,
			);
			name = Products;
			sourceTree = "<group>";
		};
		D52293A7292ABEFD00240159 /* game */ = {
			isa = PBXGroup;
			children = (
				D52293A8292ABEFD00240159 /* AppDelegate.swift */,
				D52293AA292ABEFD00240159 /* SceneDelegate.swift */,
				D52293AC292ABEFD00240159 /* ViewController.swift */,
				D52293AE292ABEFD00240159 /* Main.storyboard */,
				D52293B1292ABEFE00240159 /* Assets.xcassets */,
				D52293B3292ABEFE00240159 /* LaunchScreen.storyboard */,
				D52293B6292ABEFE00240159 /* Info.plist */,
			);
			path = game;
			sourceTree = "<group>";
		};
		D52293BE292ABEFE00240159 /* gameTests */ = {
			isa = PBXGroup;
			children = (
				D52293BF292ABEFE00240159 /* gameTests.swift */,
			);
			path = gameTests;
			sourceTree = "<group>";
		};
		D52293C8292ABEFE00240159 /* gameUITests */ = {
			isa = PBXGroup;
			children = (
				D52293C9292ABEFE00240159 /* gameUITests.swift */,
				D52293CB292ABEFE00240159 /* gameUITestsLaunchTests.swift */,
			);
			path = gameUITests;
			sourceTree = "<group>";
		};
/* End PBXGroup section */

/* Begin PBXNativeTarget section */
		D52293A4292ABEFD00240159 /* game */ = {
			isa = PBXNativeTarget;
			buildConfigurationList = D52293CF292ABEFE00240159 /* Build configuration list for PBXNativeTarget "game" */;
			buildPhases = (
				D52293A1292ABEFD00240159 /* Sources */,
				D52293A2292ABEFD00240159 /* Frameworks */,
				D52293A3292ABEFD00240159 /* Resources */,
			);
			buildRules = (
			);
			dependencies = (
			);
			name = game;
			productName = game;
			productReference = D52293A5292ABEFD00240159 /* game.app */;
			productType = "com.apple.product-type.application";
		};
		D52293BA292ABEFE00240159 /* gameTests */ = {
			isa = PBXNativeTarget;
			buildConfigurationList = D52293D2292ABEFE00240159 /* Build configuration list for PBXNativeTarget "gameTests" */;
			buildPhases = (
				D52293B7292ABEFE00240159 /* Sources */,
				D52293B8292ABEFE00240159 /* Frameworks */,
				D52293B9292ABEFE00240159 /* Resources */,
			);
			buildRules = (
			);
			dependencies = (
				D52293BD292ABEFE00240159 /* PBXTargetDependency */,
			);
			name = gameTests;
			productName = gameTests;
			productReference = D52293BB292ABEFE00240159 /* gameTests.xctest */;
			productType = "com.apple.product-type.bundle.unit-test";
		};
		D52293C4292ABEFE00240159 /* gameUITests */ = {
			isa = PBXNativeTarget;
			buildConfigurationList = D52293D5292ABEFE00240159 /* Build configuration list for PBXNativeTarget "gameUITests" */;
			buildPhases = (
				D52293C1292ABEFE00240159 /* Sources */,
				D52293C2292ABEFE00240159 /* Frameworks */,
				D52293C3292ABEFE00240159 /* Resources */,
			);
			buildRules = (
			);
			dependencies = (
				D52293C7292ABEFE00240159 /* PBXTargetDependency */,
			);
			name = gameUITests;
			productName = gameUITests;
			productReference = D52293C5292ABEFE00240159 /* gameUITests.xctest */;
			productType = "com.apple.product-type.bundle.ui-testing";
		};
/* End PBXNativeTarget section */

/* Begin PBXProject section */
		D522939D292ABEFD00240159 /* Project object */ = {
			isa = PBXProject;
			attributes = {
				BuildIndependentTargetsInParallel = 1;
				LastSwiftUpdateCheck = 1410;
				LastUpgradeCheck = 1410;
				TargetAttributes = {
					D52293A4292ABEFD00240159 = {
						CreatedOnToolsVersion = 14.1;
					};
					D52293BA292ABEFE00240159 = {
						CreatedOnToolsVersion = 14.1;
						TestTargetID = D52293A4292ABEFD00240159;
					};
					D52293C4292ABEFE00240159 = {
						CreatedOnToolsVersion = 14.1;
						TestTargetID = D52293A4292ABEFD00240159;
					};
				};
			};
			buildConfigurationList = D52293A0292ABEFD00240159 /* Build configuration list for PBXProject "game" */;
			compatibilityVersion = "Xcode 14.0";
			developmentRegion = en;
			hasScannedForEncodings = 0;
			knownRegions = (
				en,
				Base,
			);
			mainGroup = D522939C292ABEFD00240159;
			productRefGroup = D52293A6292ABEFD00240159 /* Products */;
			projectDirPath = "";
			projectRoot = "";
			targets = (
				D52293A4292ABEFD00240159 /* game */,
				D52293BA292ABEFE00240159 /* gameTests */,
				D52293C4292ABEFE00240159 /* gameUITests */,
			);
		};
/* End PBXProject section */

/* Begin PBXResourcesBuildPhase section */
		D52293A3292ABEFD00240159 /* Resources */ = {
			isa = PBXResourcesBuildPhase;
			buildActionMask = 2147483647;
			files = (
				D52293B5292ABEFE00240159 /* LaunchScreen.storyboard in Resources */,
				D52293B2292ABEFE00240159 /* Assets.xcassets in Resources */,
				D52293B0292ABEFD00240159 /* Main.storyboard in Resources */,
			);
			runOnlyForDeploymentPostprocessing = 0;
		};
		D52293B9292ABEFE00240159 /* Resources */ = {
			isa = PBXResourcesBuildPhase;
			buildActionMask = 2147483647;
			files = (
			);
			runOnlyForDeploymentPostprocessing = 0;
		};
		D52293C3292ABEFE00240159 /* Resources */ = {
			isa = PBXResourcesBuildPhase;
			buildActionMask = 2147483647;
			files = (
			);
			runOnlyForDeploymentPostprocessing = 0;
		};
/* End PBXResourcesBuildPhase section */

/* Begin PBXSourcesBuildPhase section */
		D52293A1292ABEFD00240159 /* Sources */ = {
			isa = PBXSourcesBuildPhase;
			buildActionMask = 2147483647;
			files = (
				D52293AD292ABEFD00240159 /* ViewController.swift in Sources */,
				D52293A9292ABEFD00240159 /* AppDelegate.swift in Sources */,
				D52293AB292ABEFD00240159 /* SceneDelegate.swift in Sources */,
			);
			runOnlyForDeploymentPostprocessing = 0;
		};
		D52293B7292ABEFE00240159 /* Sources */ = {
			isa = PBXSourcesBuildPhase;
			buildActionMask = 2147483647;
			files = (
				D52293C0292ABEFE00240159 /* gameTests.swift in Sources */,
			);
			runOnlyForDeploymentPostprocessing = 0;
		};
		D52293C1292ABEFE00240159 /* Sources */ = {
			isa = PBXSourcesBuildPhase;
			buildActionMask = 2147483647;
			files = (
				D52293CC292ABEFE00240159 /* gameUITestsLaunchTests.swift in Sources */,
				D52293CA292ABEFE00240159 /* gameUITests.swift in Sources */,
			);
			runOnlyForDeploymentPostprocessing = 0;
		};
/* End PBXSourcesBuildPhase section */

/* Begin PBXTargetDependency section */
		D52293BD292ABEFE00240159 /* PBXTargetDependency */ = {
			isa = PBXTargetDependency;
			target = D52293A4292ABEFD00240159 /* game */;
			targetProxy = D52293BC292ABEFE00240159 /* PBXContainerItemProxy */;
		};
		D52293C7292ABEFE00240159 /* PBXTargetDependency */ = {
			isa = PBXTargetDependency;
			target = D52293A4292ABEFD00240159 /* game */;
			targetProxy = D52293C6292ABEFE00240159 /* PBXContainerItemProxy */;
		};
/* End PBXTargetDependency section */

/* Begin PBXVariantGroup section */
		D52293AE292ABEFD00240159 /* Main.storyboard */ = {
			isa = PBXVariantGroup;
			children = (
				D52293AF292ABEFD00240159 /* Base */,
			);
			name = Main.storyboard;
			sourceTree = "<group>";
		};
		D52293B3292ABEFE00240159 /* LaunchScreen.storyboard */ = {
			isa = PBXVariantGroup;
			children = (
				D52293B4292ABEFE00240159 /* Base */,
			);
			name = LaunchScreen.storyboard;
			sourceTree = "<group>";
		};
/* End PBXVariantGroup section */

/* Begin XCBuildConfiguration section */
		D52293CD292ABEFE00240159 /* Debug */ = {
			isa = XCBuildConfiguration;
			buildSettings = {
				ALWAYS_SEARCH_USER_PATHS = NO;
				CLANG_ANALYZER_NONNULL = YES;
				CLANG_ANALYZER_NUMBER_OBJECT_CONVERSION = YES_AGGRESSIVE;
				CLANG_CXX_LANGUAGE_STANDARD = "gnu++20";
				CLANG_ENABLE_MODULES = YES;
				CLANG_ENABLE_OBJC_ARC = YES;
				CLANG_ENABLE_OBJC_WEAK = YES;
				CLANG_WARN_BLOCK_CAPTURE_AUTORELEASING = YES;
				CLANG_WARN_BOOL_CONVERSION = YES;
				CLANG_WARN_COMMA = YES;
				CLANG_WARN_CONSTANT_CONVERSION = YES;
				CLANG_WARN_DEPRECATED_OBJC_IMPLEMENTATIONS = YES;
				CLANG_WARN_DIRECT_OBJC_ISA_USAGE = YES_ERROR;
				CLANG_WARN_DOCUMENTATION_COMMENTS = YES;
				CLANG_WARN_EMPTY_BODY = YES;
				CLANG_WARN_ENUM_CONVERSION = YES;
				CLANG_WARN_INFINITE_RECURSION = YES;
				CLANG_WARN_INT_CONVERSION = YES;
				CLANG_WARN_NON_LITERAL_NULL_CONVERSION = YES;
				CLANG_WARN_OBJC_IMPLICIT_RETAIN_SELF = YES;
				CLANG_WARN_OBJC_LITERAL_CONVERSION = YES;
				CLANG_WARN_OBJC_ROOT_CLASS = YES_ERROR;
				CLANG_WARN_QUOTED_INCLUDE_IN_FRAMEWORK_HEADER = YES;
				CLANG_WARN_RANGE_LOOP_ANALYSIS = YES;
				CLANG_WARN_STRICT_PROTOTYPES = YES;
				CLANG_WARN_SUSPICIOUS_MOVE = YES;
				CLANG_WARN_UNGUARDED_AVAILABILITY = YES_AGGRESSIVE;
				CLANG_WARN_UNREACHABLE_CODE = YES;
				CLANG_WARN__DUPLICATE_METHOD_MATCH = YES;
				COPY_PHASE_STRIP = NO;
				DEBUG_INFORMATION_FORMAT = dwarf;
				ENABLE_STRICT_OBJC_MSGSEND = YES;
				ENABLE_TESTABILITY = YES;
				GCC_C_LANGUAGE_STANDARD = gnu11;
				GCC_DYNAMIC_NO_PIC = NO;
				GCC_NO_COMMON_BLOCKS = YES;
				GCC_OPTIMIZATION_LEVEL = 0;
				GCC_PREPROCESSOR_DEFINITIONS = (
					"DEBUG=1",
					"$(inherited)",
				);
				GCC_WARN_64_TO_32_BIT_CONVERSION = YES;
				GCC_WARN_ABOUT_RETURN_TYPE = YES_ERROR;
				GCC_WARN_UNDECLARED_SELECTOR = YES;
				GCC_WARN_UNINITIALIZED_AUTOS = YES_AGGRESSIVE;
				GCC_WARN_UNUSED_FUNCTION = YES;
				GCC_WARN_UNUSED_VARIABLE = YES;
				IPHONEOS_DEPLOYMENT_TARGET = 16.1;
				MTL_ENABLE_DEBUG_INFO = INCLUDE_SOURCE;
				MTL_FAST_MATH = YES;
				ONLY_ACTIVE_ARCH = YES;
				SDKROOT = iphoneos;
				SWIFT_ACTIVE_COMPILATION_CONDITIONS = DEBUG;
				SWIFT_OPTIMIZATION_LEVEL = "-Onone";
			};
			name = Debug;
		};
		D52293CE292ABEFE00240159 /* Release */ = {
			isa = XCBuildConfiguration;
			buildSettings = {
				ALWAYS_SEARCH_USER_PATHS = NO;
				CLANG_ANALYZER_NONNULL = YES;
				CLANG_ANALYZER_NUMBER_OBJECT_CONVERSION = YES_AGGRESSIVE;
				CLANG_CXX_LANGUAGE_STANDARD = "gnu++20";
				CLANG_ENABLE_MODULES = YES;
				CLANG_ENABLE_OBJC_ARC = YES;
				CLANG_ENABLE_OBJC_WEAK = YES;
				CLANG_WARN_BLOCK_CAPTURE_AUTORELEASING = YES;
				CLANG_WARN_BOOL_CONVERSION = YES;
				CLANG_WARN_COMMA = YES;
				CLANG_WARN_CONSTANT_CONVERSION = YES;
				CLANG_WARN_DEPRECATED_OBJC_IMPLEMENTATIONS = YES;
				CLANG_WARN_DIRECT_OBJC_ISA_USAGE = YES_ERROR;
				CLANG_WARN_DOCUMENTATION_COMMENTS = YES;
				CLANG_WARN_EMPTY_BODY = YES;
				CLANG_WARN_ENUM_CONVERSION = YES;
				CLANG_WARN_INFINITE_RECURSION = YES;
				CLANG_WARN_INT_CONVERSION = YES;
				CLANG_WARN_NON_LITERAL_NULL_CONVERSION = YES;
				CLANG_WARN_OBJC_IMPLICIT_RETAIN_SELF = YES;
				CLANG_WARN_OBJC_LITERAL_CONVERSION = YES;
				CLANG_WARN_OBJC_ROOT_CLASS = YES_ERROR;
				CLANG_WARN_QUOTED_INCLUDE_IN_FRAMEWORK_HEADER = YES;
				CLANG_WARN_RANGE_LOOP_ANALYSIS = YES;
				CLANG_WARN_STRICT_PROTOTYPES = YES;
				CLANG_WARN_SUSPICIOUS_MOVE = YES;
				CLANG_WARN_UNGUARDED_AVAILABILITY = YES_AGGRESSIVE;
				CLANG_WARN_UNREACHABLE_CODE = YES;
				CLANG_WARN__DUPLICATE_METHOD_MATCH = YES;
				COPY_PHASE_STRIP = NO;
				DEBUG_INFORMATION_FORMAT = "dwarf-with-dsym";
				ENABLE_NS_ASSERTIONS = NO;
				ENABLE_STRICT_OBJC_MSGSEND = YES;
				GCC_C_LANGUAGE_STANDARD = gnu11;
				GCC_NO_COMMON_BLOCKS = YES;
				GCC_WARN_64_TO_32_BIT_CONVERSION = YES;
				GCC_WARN_ABOUT_RETURN_TYPE = YES_ERROR;
				GCC_WARN_UNDECLARED_SELECTOR = YES;
				GCC_WARN_UNINITIALIZED_AUTOS = YES_AGGRESSIVE;
				GCC_WARN_UNUSED_FUNCTION = YES;
				GCC_WARN_UNUSED_VARIABLE = YES;
				IPHONEOS_DEPLOYMENT_TARGET = 16.1;
				MTL_ENABLE_DEBUG_INFO = NO;
				MTL_FAST_MATH = YES;
				SDKROOT = iphoneos;
				SWIFT_COMPILATION_MODE = wholemodule;
				SWIFT_OPTIMIZATION_LEVEL = "-O";
				VALIDATE_PRODUCT = YES;
			};
			name = Release;
		};
		D52293D0292ABEFE00240159 /* Debug */ = {
			isa = XCBuildConfiguration;
			buildSettings = {
				ASSETCATALOG_COMPILER_APPICON_NAME = AppIcon;
				ASSETCATALOG_COMPILER_GLOBAL_ACCENT_COLOR_NAME = AccentColor;
				CODE_SIGN_STYLE = Automatic;
				CURRENT_PROJECT_VERSION = 1;
				DEVELOPMENT_TEAM = LV3F5GDFZU;
				GENERATE_INFOPLIST_FILE = YES;
				INFOPLIST_FILE = game/Info.plist;
				INFOPLIST_KEY_UIApplicationSupportsIndirectInputEvents = YES;
				INFOPLIST_KEY_UILaunchStoryboardName = LaunchScreen;
				INFOPLIST_KEY_UIMainStoryboardFile = Main;
				INFOPLIST_KEY_UISupportedInterfaceOrientations_iPad = "UIInterfaceOrientationPortrait UIInterfaceOrientationPortraitUpsideDown UIInterfaceOrientationLandscapeLeft UIInterfaceOrientationLandscapeRight";
				INFOPLIST_KEY_UISupportedInterfaceOrientations_iPhone = "UIInterfaceOrientationPortrait UIInterfaceOrientationLandscapeLeft UIInterfaceOrientationLandscapeRight";
				LD_RUNPATH_SEARCH_PATHS = (
					"$(inherited)",
					"@executable_path/Frameworks",
				);
				MARKETING_VERSION = 1.0;
				PRODUCT_BUNDLE_IDENTIFIER = mstfklc.game;
				PRODUCT_NAME = "$(TARGET_NAME)";
				SWIFT_EMIT_LOC_STRINGS = YES;
				SWIFT_VERSION = 5.0;
				TARGETED_DEVICE_FAMILY = "1,2";
			};
			name = Debug;
		};
		D52293D1292ABEFE00240159 /* Release */ = {
			isa = XCBuildConfiguration;
			buildSettings = {
				ASSETCATALOG_COMPILER_APPICON_NAME = AppIcon;
				ASSETCATALOG_COMPILER_GLOBAL_ACCENT_COLOR_NAME = AccentColor;
				CODE_SIGN_STYLE = Automatic;
				CURRENT_PROJECT_VERSION = 1;
				DEVELOPMENT_TEAM = LV3F5GDFZU;
				GENERATE_INFOPLIST_FILE = YES;
				INFOPLIST_FILE = game/Info.plist;
				INFOPLIST_KEY_UIApplicationSupportsIndirectInputEvents = YES;
				INFOPLIST_KEY_UILaunchStoryboardName = LaunchScreen;
				INFOPLIST_KEY_UIMainStoryboardFile = Main;
				INFOPLIST_KEY_UISupportedInterfaceOrientations_iPad = "UIInterfaceOrientationPortrait UIInterfaceOrientationPortraitUpsideDown UIInterfaceOrientationLandscapeLeft UIInterfaceOrientationLandscapeRight";
				INFOPLIST_KEY_UISupportedInterfaceOrientations_iPhone = "UIInterfaceOrientationPortrait UIInterfaceOrientationLandscapeLeft UIInterfaceOrientationLandscapeRight";
				LD_RUNPATH_SEARCH_PATHS = (
					"$(inherited)",
					"@executable_path/Frameworks",
				);
				MARKETING_VERSION = 1.0;
				PRODUCT_BUNDLE_IDENTIFIER = mstfklc.game;
				PRODUCT_NAME = "$(TARGET_NAME)";
				SWIFT_EMIT_LOC_STRINGS = YES;
				SWIFT_VERSION = 5.0;
				TARGETED_DEVICE_FAMILY = "1,2";
			};
			name = Release;
		};
		D52293D3292ABEFE00240159 /* Debug */ = {
			isa = XCBuildConfiguration;
			buildSettings = {
				ALWAYS_EMBED_SWIFT_STANDARD_LIBRARIES = YES;
				BUNDLE_LOADER = "$(TEST_HOST)";
				CODE_SIGN_STYLE = Automatic;
				CURRENT_PROJECT_VERSION = 1;
				DEVELOPMENT_TEAM = LV3F5GDFZU;
				GENERATE_INFOPLIST_FILE = YES;
				IPHONEOS_DEPLOYMENT_TARGET = 16.1;
				MARKETING_VERSION = 1.0;
				PRODUCT_BUNDLE_IDENTIFIER = mstfklc.gameTests;
				PRODUCT_NAME = "$(TARGET_NAME)";
				SWIFT_EMIT_LOC_STRINGS = NO;
				SWIFT_VERSION = 5.0;
				TARGETED_DEVICE_FAMILY = "1,2";
				TEST_HOST = "$(BUILT_PRODUCTS_DIR)/game.app/$(BUNDLE_EXECUTABLE_FOLDER_PATH)/game";
			};
			name = Debug;
		};
		D52293D4292ABEFE00240159 /* Release */ = {
			isa = XCBuildConfiguration;
			buildSettings = {
				ALWAYS_EMBED_SWIFT_STANDARD_LIBRARIES = YES;
				BUNDLE_LOADER = "$(TEST_HOST)";
				CODE_SIGN_STYLE = Automatic;
				CURRENT_PROJECT_VERSION = 1;
				DEVELOPMENT_TEAM = LV3F5GDFZU;
				GENERATE_INFOPLIST_FILE = YES;
				IPHONEOS_DEPLOYMENT_TARGET = 16.1;
				MARKETING_VERSION = 1.0;
				PRODUCT_BUNDLE_IDENTIFIER = mstfklc.gameTests;
				PRODUCT_NAME = "$(TARGET_NAME)";
				SWIFT_EMIT_LOC_STRINGS = NO;
				SWIFT_VERSION = 5.0;
				TARGETED_DEVICE_FAMILY = "1,2";
				TEST_HOST = "$(BUILT_PRODUCTS_DIR)/game.app/$(BUNDLE_EXECUTABLE_FOLDER_PATH)/game";
			};
			name = Release;
		};
		D52293D6292ABEFE00240159 /* Debug */ = {
			isa = XCBuildConfiguration;
			buildSettings = {
				ALWAYS_EMBED_SWIFT_STANDARD_LIBRARIES = YES;
				CODE_SIGN_STYLE = Automatic;
				CURRENT_PROJECT_VERSION = 1;
				DEVELOPMENT_TEAM = LV3F5GDFZU;
				GENERATE_INFOPLIST_FILE = YES;
				MARKETING_VERSION = 1.0;
				PRODUCT_BUNDLE_IDENTIFIER = mstfklc.gameUITests;
				PRODUCT_NAME = "$(TARGET_NAME)";
				SWIFT_EMIT_LOC_STRINGS = NO;
				SWIFT_VERSION = 5.0;
				TARGETED_DEVICE_FAMILY = "1,2";
				TEST_TARGET_NAME = game;
			};
			name = Debug;
		};
		D52293D7292ABEFE00240159 /* Release */ = {
			isa = XCBuildConfiguration;
			buildSettings = {
				ALWAYS_EMBED_SWIFT_STANDARD_LIBRARIES = YES;
				CODE_SIGN_STYLE = Automatic;
				CURRENT_PROJECT_VERSION = 1;
				DEVELOPMENT_TEAM = LV3F5GDFZU;
				GENERATE_INFOPLIST_FILE = YES;
				MARKETING_VERSION = 1.0;
				PRODUCT_BUNDLE_IDENTIFIER = mstfklc.gameUITests;
				PRODUCT_NAME = "$(TARGET_NAME)";
				SWIFT_EMIT_LOC_STRINGS = NO;
				SWIFT_VERSION = 5.0;
				TARGETED_DEVICE_FAMILY = "1,2";
				TEST_TARGET_NAME = game;
			};
			name = Release;
		};
/* End XCBuildConfiguration section */

/* Begin XCConfigurationList section */
		D52293A0292ABEFD00240159 /* Build configuration list for PBXProject "game" */ = {
			isa = XCConfigurationList;
			buildConfigurations = (
				D52293CD292ABEFE00240159 /* Debug */,
				D52293CE292ABEFE00240159 /* Release */,
			);
			defaultConfigurationIsVisible = 0;
			defaultConfigurationName = Release;
		};
		D52293CF292ABEFE00240159 /* Build configuration list for PBXNativeTarget "game" */ = {
			isa = XCConfigurationList;
			buildConfigurations = (
				D52293D0292ABEFE00240159 /* Debug */,
				D52293D1292ABEFE00240159 /* Release */,
			);
			defaultConfigurationIsVisible = 0;
			defaultConfigurationName = Release;
		};
		D52293D2292ABEFE00240159 /* Build configuration list for PBXNativeTarget "gameTests" */ = {
			isa = XCConfigurationList;
			buildConfigurations = (
				D52293D3292ABEFE00240159 /* Debug */,
				D52293D4292ABEFE00240159 /* Release */,
			);
			defaultConfigurationIsVisible = 0;
			defaultConfigurationName = Release;
		};
		D52293D5292ABEFE00240159 /* Build configuration list for PBXNativeTarget "gameUITests" */ = {
			isa = XCConfigurationList;
			buildConfigurations = (
				D52293D6292ABEFE00240159 /* Debug */,
				D52293D7292ABEFE00240159 /* Release */,
			);
			defaultConfigurationIsVisible = 0;
			defaultConfigurationName = Release;
		};
/* End XCConfigurationList section */
	};
	rootObject = D522939D292ABEFD00240159 /* Project object */;
}
